
Microsoft Visual Studio Solution File, Format Version 12.00
# Visual Studio Version 17
VisualStudioVersion = 17.2.32505.173
MinimumVisualStudioVersion = 10.0.40219.1
Project("{9A19103F-16F7-4668-BE54-9A1E7A4F7556}") = "WOOD", "WOOD\WOOD.csproj", "{B5408177-C063-4FC0-BC65-C0EF5BDD2D12}"
EndProject
Project("{9A19103F-16F7-4668-BE54-9A1E7A4F7556}") = "ConsoleWood", "ConsoleWood\ConsoleWood.csproj", "{E8B1D2BF-5C6E-4AF3-9487-0130BD8EEAAC}"
EndProject
Project("{9A19103F-16F7-4668-BE54-9A1E7A4F7556}") = "EFTest", "EFTest\EFTest.csproj", "{E86075F0-1513-4954-9AA0-2DE57D78C2C6}"
EndProject
Global
	GlobalSection(SolutionConfigurationPlatforms) = preSolution
		Debug|Any CPU = Debug|Any CPU
		Release|Any CPU = Release|Any CPU
	EndGlobalSection
	GlobalSection(ProjectConfigurationPlatforms) = postSolution
		{B5408177-C063-4FC0-BC65-C0EF5BDD2D12}.Debug|Any CPU.ActiveCfg = Debug|Any CPU
		{B5408177-C063-4FC0-BC65-C0EF5BDD2D12}.Debug|Any CPU.Build.0 = Debug|Any CPU
		{B5408177-C063-4FC0-BC65-C0EF5BDD2D12}.Release|Any CPU.ActiveCfg = Release|Any CPU
		{B5408177-C063-4FC0-BC65-C0EF5BDD2D12}.Release|Any CPU.Build.0 = Release|Any CPU
		{E8B1D2BF-5C6E-4AF3-9487-0130BD8EEAAC}.Debug|Any CPU.ActiveCfg = Debug|Any CPU
		{E8B1D2BF-5C6E-4AF3-9487-0130BD8EEAAC}.Debug|Any CPU.Build.0 = Debug|Any CPU
		{E8B1D2BF-5C6E-4AF3-9487-0130BD8EEAAC}.Release|Any CPU.ActiveCfg = Release|Any CPU
		{E8B1D2BF-5C6E-4AF3-9487-0130BD8EEAAC}.Release|Any CPU.Build.0 = Release|Any CPU
		{E86075F0-1513-4954-9AA0-2DE57D78C2C6}.Debug|Any CPU.ActiveCfg = Debug|Any CPU
		{E86075F0-1513-4954-9AA0-2DE57D78C2C6}.Debug|Any CPU.Build.0 = Debug|Any CPU
		{E86075F0-1513-4954-9AA0-2DE57D78C2C6}.Release|Any CPU.ActiveCfg = Release|Any CPU
		{E86075F0-1513-4954-9AA0-2DE57D78C2C6}.Release|Any CPU.Build.0 = Release|Any CPU
	EndGlobalSection
	GlobalSection(SolutionProperties) = preSolution
		HideSolutionNode = FALSE
	EndGlobalSection
	GlobalSection(ExtensibilityGlobals) = postSolution
		SolutionGuid = {E295F3F4-FCBA-49DF-92AE-E2B189D50689}
	EndGlobalSection
EndGlobal
